PODS:
  - Alamofire (5.8.1)
  - Kingfisher (7.10.1)

DEPENDENCIES:
  - Alamofire
  - Kingfisher (~> 7.0)

SPEC REPOS:
  trunk:
    - Alamofire
    - Kingfisher

SPEC CHECKSUMS:
  Alamofire: 3ca42e259043ee0dc5c0cdd76c4bc568b8e42af7
  Kingfisher: bc5abe80a8e0144537ef1dd5a0b2621b04f7f439

PODFILE CHECKSUM: f66eede40453459f9f48475e05704c5916639b60

COCOAPODS: 1.13.0
